
Microsoft Visual Studio Solution File, Format Version 12.00
# Visual Studio Version 17
VisualStudioVersion = 17.5.33414.496
MinimumVisualStudioVersion = 10.0.40219.1
Project("{9A19103F-16F7-4668-BE54-9A1E7A4F7556}") = "OnlineEducationCenter.Web", "OnlineEducationCenter.Web\OnlineEducationCenter.Web.csproj", "{BCF37311-4034-47B8-B442-7EA189A6200E}"
EndProject
Global
	GlobalSection(SolutionConfigurationPlatforms) = preSolution
		Debug|Any CPU = Debug|Any CPU
		Release|Any CPU = Release|Any CPU
	EndGlobalSection
	GlobalSection(ProjectConfigurationPlatforms) = postSolution
		{BCF37311-4034-47B8-B442-7EA189A6200E}.Debug|Any CPU.ActiveCfg = Debug|Any CPU
		{BCF37311-4034-47B8-B442-7EA189A6200E}.Debug|Any CPU.Build.0 = Debug|Any CPU
		{BCF37311-4034-47B8-B442-7EA189A6200E}.Release|Any CPU.ActiveCfg = Release|Any CPU
		{BCF37311-4034-47B8-B442-7EA189A6200E}.Release|Any CPU.Build.0 = Release|Any CPU
	EndGlobalSection
	GlobalSection(SolutionProperties) = preSolution
		HideSolutionNode = FALSE
	EndGlobalSection
	GlobalSection(ExtensibilityGlobals) = postSolution
		SolutionGuid = {BDB2E126-D9A3-4B10-A4FC-E007BFD555D7}
	EndGlobalSection
EndGlobal
